{
  "nodes": {
    "nixpkgs": {
      "locked": {
        "lastModified": 1737469691,
        "narHash": "sha256-nmKOgAU48S41dTPIXAq0AHZSehWUn6ZPrUKijHAMmIk=",
        "owner": "NixOS",
        "repo": "nixpkgs",
        "rev": "9e4d5190a9482a1fb9d18adf0bdb83c6e506eaab",
        "type": "github"
      },
      "original": {
        "id": "nixpkgs",
        "ref": "nixos-unstable",
        "type": "indirect"
      }
    },
    "pyproject-build-systems": {
      "inputs": {
        "nixpkgs": [
          "nixpkgs"
        ],
        "pyproject-nix": [
          "pyproject-nix"
        ],
        "uv2nix": [
          "uv2nix"
        ]
      },
      "locked": {
        "lastModified": 1737338290,
        "narHash": "sha256-gnXlfFEHA+/jMH7R+7y3JxrI3WfOjgBhzzJNuFW70UU=",
        "owner": "pyproject-nix",
        "repo": "build-system-pkgs",
        "rev": "e1487e5cefda0c7990bdd2e660bee20971680e45",
        "type": "github"
      },
      "original": {
        "owner": "pyproject-nix",
        "repo": "build-system-pkgs",
        "type": "github"
      }
    },
    "pyproject-nix": {
      "inputs": {
        "nixpkgs": [
          "nixpkgs"
        ]
      },
      "locked": {
        "lastModified": 1736836246,
        "narHash": "sha256-bFvBMziYvFtB/Hly+O4WtBGeiDoz7eb2dVQbOvIrHHM=",
        "owner": "pyproject-nix",
        "repo": "pyproject.nix",
        "rev": "3db43c7414fce4ce94ca67545233d251d306385a",
        "type": "github"
      },
      "original": {
        "owner": "pyproject-nix",
        "repo": "pyproject.nix",
        "type": "github"
      }
    },
    "root": {
      "inputs": {
        "nixpkgs": "nixpkgs",
        "pyproject-build-systems": "pyproject-build-systems",
        "pyproject-nix": "pyproject-nix",
        "uv2nix": "uv2nix"
      }
    },
    "uv2nix": {
      "inputs": {
        "nixpkgs": [
          "nixpkgs"
        ],
        "pyproject-nix": [
          "pyproject-nix"
        ]
      },
      "locked": {
        "lastModified": 1737634689,
        "narHash": "sha256-4fJvBWIdEUmmEEF2PEtbnhzuxlTv6BYQNEnS0fwk+/Q=",
        "owner": "pyproject-nix",
        "repo": "uv2nix",
        "rev": "6303d920047a18ac6850b8b3f17948993a91ebb5",
        "type": "github"
      },
      "original": {
        "owner": "pyproject-nix",
        "repo": "uv2nix",
        "type": "github"
      }
    }
  },
  "root": "root",
  "version": 7
}
